// !$*UTF8*$!
{
	archiveVersion = 1;
	classes = {
	};
	objectVersion = 50;
	objects = {

/* Begin PBXBuildFile section */
		A742648993ABD5F055EF8877 /* Pods_WSYAlertViewKit.framework in Frameworks */ = {isa = PBXBuildFile; fileRef = AE97B0B9524921C1CE2B1ED1 /* Pods_WSYAlertViewKit.framework */; };
		F858FB9227228ECC00E26065 /* AppDelegate.m in Sources */ = {isa = PBXBuildFile; fileRef = F858FB9127228ECC00E26065 /* AppDelegate.m */; };
		F858FB9527228ECC00E26065 /* SceneDelegate.m in Sources */ = {isa = PBXBuildFile; fileRef = F858FB9427228ECC00E26065 /* SceneDelegate.m */; };
		F858FB9827228ECC00E26065 /* ViewController.m in Sources */ = {isa = PBXBuildFile; fileRef = F858FB9727228ECC00E26065 /* ViewController.m */; };
		F858FB9B27228ECC00E26065 /* Main.storyboard in Resources */ = {isa = PBXBuildFile; fileRef = F858FB9927228ECC00E26065 /* Main.storyboard */; };
		F858FB9E27228ECC00E26065 /* WSYAlertViewKit.xcdatamodeld in Sources */ = {isa = PBXBuildFile; fileRef = F858FB9C27228ECC00E26065 /* WSYAlertViewKit.xcdatamodeld */; };
		F858FBA027228ECD00E26065 /* Assets.xcassets in Resources */ = {isa = PBXBuildFile; fileRef = F858FB9F27228ECD00E26065 /* Assets.xcassets */; };
		F858FBA327228ECD00E26065 /* LaunchScreen.storyboard in Resources */ = {isa = PBXBuildFile; fileRef = F858FBA127228ECD00E26065 /* LaunchScreen.storyboard */; };
		F858FBA627228ECD00E26065 /* main.m in Sources */ = {isa = PBXBuildFile; fileRef = F858FBA527228ECD00E26065 /* main.m */; };
		F858FBB027228ECD00E26065 /* WSYAlertViewKitTests.m in Sources */ = {isa = PBXBuildFile; fileRef = F858FBAF27228ECD00E26065 /* WSYAlertViewKitTests.m */; };
		F858FBBB27228ECD00E26065 /* WSYAlertViewKitUITests.m in Sources */ = {isa = PBXBuildFile; fileRef = F858FBBA27228ECD00E26065 /* WSYAlertViewKitUITests.m */; };
		F858FBE427228F0A00E26065 /* LKPickerViewController.m in Sources */ = {isa = PBXBuildFile; fileRef = F858FBCD27228F0A00E26065 /* LKPickerViewController.m */; };
		F858FBE527228F0A00E26065 /* LKPickerProtocol.m in Sources */ = {isa = PBXBuildFile; fileRef = F858FBD027228F0A00E26065 /* LKPickerProtocol.m */; };
		F858FBE627228F0A00E26065 /* WSYAlertCollectionCell.m in Sources */ = {isa = PBXBuildFile; fileRef = F858FBD527228F0A00E26065 /* WSYAlertCollectionCell.m */; };
		F858FBE727228F0A00E26065 /* LKAlertAction.m in Sources */ = {isa = PBXBuildFile; fileRef = F858FBD627228F0A00E26065 /* LKAlertAction.m */; };
		F858FBE827228F0A00E26065 /* LKPickerAlertContentView.m in Sources */ = {isa = PBXBuildFile; fileRef = F858FBD827228F0A00E26065 /* LKPickerAlertContentView.m */; };
		F858FBE927228F0A00E26065 /* LKPickerSheetContentView.m in Sources */ = {isa = PBXBuildFile; fileRef = F858FBDB27228F0A00E26065 /* LKPickerSheetContentView.m */; };
		F858FBEA27228F0A00E26065 /* NSArray+SafeIndex.m in Sources */ = {isa = PBXBuildFile; fileRef = F858FBDF27228F0A00E26065 /* NSArray+SafeIndex.m */; };
		F858FBEB27228F0A00E26065 /* LKBaseTableViewCell.m in Sources */ = {isa = PBXBuildFile; fileRef = F858FBE027228F0A00E26065 /* LKBaseTableViewCell.m */; };
		F858FBEC27228F0A00E26065 /* WSYBaseCollectionCell.m in Sources */ = {isa = PBXBuildFile; fileRef = F858FBE227228F0A00E26065 /* WSYBaseCollectionCell.m */; };
/* End PBXBuildFile section */

/* Begin PBXContainerItemProxy section */
		F858FBAC27228ECD00E26065 /* PBXContainerItemProxy */ = {
			isa = PBXContainerItemProxy;
			containerPortal = F858FB8527228ECC00E26065 /* Project object */;
			proxyType = 1;
			remoteGlobalIDString = F858FB8C27228ECC00E26065;
			remoteInfo = WSYAlertViewKit;
		};
		F858FBB727228ECD00E26065 /* PBXContainerItemProxy */ = {
			isa = PBXContainerItemProxy;
			containerPortal = F858FB8527228ECC00E26065 /* Project object */;
			proxyType = 1;
			remoteGlobalIDString = F858FB8C27228ECC00E26065;
			remoteInfo = WSYAlertViewKit;
		};
/* End PBXContainerItemProxy section */

/* Begin PBXFileReference section */
		45860E36A7B6155FCBD2813A /* Pods-WSYAlertViewKit.release.xcconfig */ = {isa = PBXFileReference; includeInIndex = 1; lastKnownFileType = text.xcconfig; name = "Pods-WSYAlertViewKit.release.xcconfig"; path = "Target Support Files/Pods-WSYAlertViewKit/Pods-WSYAlertViewKit.release.xcconfig"; sourceTree = "<group>"; };
		A1BAE5C03FB5D3D76670974B /* Pods-WSYAlertViewKit.debug.xcconfig */ = {isa = PBXFileReference; includeInIndex = 1; lastKnownFileType = text.xcconfig; name = "Pods-WSYAlertViewKit.debug.xcconfig"; path = "Target Support Files/Pods-WSYAlertViewKit/Pods-WSYAlertViewKit.debug.xcconfig"; sourceTree = "<group>"; };
		AE97B0B9524921C1CE2B1ED1 /* Pods_WSYAlertViewKit.framework */ = {isa = PBXFileReference; explicitFileType = wrapper.framework; includeInIndex = 0; path = Pods_WSYAlertViewKit.framework; sourceTree = BUILT_PRODUCTS_DIR; };
		F858FB8D27228ECC00E26065 /* WSYAlertViewKit.app */ = {isa = PBXFileReference; explicitFileType = wrapper.application; includeInIndex = 0; path = WSYAlertViewKit.app; sourceTree = BUILT_PRODUCTS_DIR; };
		F858FB9027228ECC00E26065 /* AppDelegate.h */ = {isa = PBXFileReference; lastKnownFileType = sourcecode.c.h; path = AppDelegate.h; sourceTree = "<group>"; };
		F858FB9127228ECC00E26065 /* AppDelegate.m */ = {isa = PBXFileReference; lastKnownFileType = sourcecode.c.objc; path = AppDelegate.m; sourceTree = "<group>"; };
		F858FB9327228ECC00E26065 /* SceneDelegate.h */ = {isa = PBXFileReference; lastKnownFileType = sourcecode.c.h; path = SceneDelegate.h; sourceTree = "<group>"; };
		F858FB9427228ECC00E26065 /* SceneDelegate.m */ = {isa = PBXFileReference; lastKnownFileType = sourcecode.c.objc; path = SceneDelegate.m; sourceTree = "<group>"; };
		F858FB9627228ECC00E26065 /* ViewController.h */ = {isa = PBXFileReference; lastKnownFileType = sourcecode.c.h; path = ViewController.h; sourceTree = "<group>"; };
		F858FB9727228ECC00E26065 /* ViewController.m */ = {isa = PBXFileReference; lastKnownFileType = sourcecode.c.objc; path = ViewController.m; sourceTree = "<group>"; };
		F858FB9A27228ECC00E26065 /* Base */ = {isa = PBXFileReference; lastKnownFileType = file.storyboard; name = Base; path = Base.lproj/Main.storyboard; sourceTree = "<group>"; };
		F858FB9D27228ECC00E26065 /* WSYAlertViewKit.xcdatamodel */ = {isa = PBXFileReference; lastKnownFileType = wrapper.xcdatamodel; path = WSYAlertViewKit.xcdatamodel; sourceTree = "<group>"; };
		F858FB9F27228ECD00E26065 /* Assets.xcassets */ = {isa = PBXFileReference; lastKnownFileType = folder.assetcatalog; path = Assets.xcassets; sourceTree = "<group>"; };
		F858FBA227228ECD00E26065 /* Base */ = {isa = PBXFileReference; lastKnownFileType = file.storyboard; name = Base; path = Base.lproj/LaunchScreen.storyboard; sourceTree = "<group>"; };
		F858FBA427228ECD00E26065 /* Info.plist */ = {isa = PBXFileReference; lastKnownFileType = text.plist.xml; path = Info.plist; sourceTree = "<group>"; };
		F858FBA527228ECD00E26065 /* main.m */ = {isa = PBXFileReference; lastKnownFileType = sourcecode.c.objc; path = main.m; sourceTree = "<group>"; };
		F858FBAB27228ECD00E26065 /* WSYAlertViewKitTests.xctest */ = {isa = PBXFileReference; explicitFileType = wrapper.cfbundle; includeInIndex = 0; path = WSYAlertViewKitTests.xctest; sourceTree = BUILT_PRODUCTS_DIR; };
		F858FBAF27228ECD00E26065 /* WSYAlertViewKitTests.m */ = {isa = PBXFileReference; lastKnownFileType = sourcecode.c.objc; path = WSYAlertViewKitTests.m; sourceTree = "<group>"; };
		F858FBB127228ECD00E26065 /* Info.plist */ = {isa = PBXFileReference; lastKnownFileType = text.plist.xml; path = Info.plist; sourceTree = "<group>"; };
		F858FBB627228ECD00E26065 /* WSYAlertViewKitUITests.xctest */ = {isa = PBXFileReference; explicitFileType = wrapper.cfbundle; includeInIndex = 0; path = WSYAlertViewKitUITests.xctest; sourceTree = BUILT_PRODUCTS_DIR; };
		F858FBBA27228ECD00E26065 /* WSYAlertViewKitUITests.m */ = {isa = PBXFileReference; lastKnownFileType = sourcecode.c.objc; path = WSYAlertViewKitUITests.m; sourceTree = "<group>"; };
		F858FBBC27228ECD00E26065 /* Info.plist */ = {isa = PBXFileReference; lastKnownFileType = text.plist.xml; path = Info.plist; sourceTree = "<group>"; };
		F858FBCD27228F0A00E26065 /* LKPickerViewController.m */ = {isa = PBXFileReference; fileEncoding = 4; lastKnownFileType = sourcecode.c.objc; path = LKPickerViewController.m; sourceTree = "<group>"; };
		F858FBCE27228F0A00E26065 /* LKPickerViewController.h */ = {isa = PBXFileReference; fileEncoding = 4; lastKnownFileType = sourcecode.c.h; path = LKPickerViewController.h; sourceTree = "<group>"; };
		F858FBD027228F0A00E26065 /* LKPickerProtocol.m */ = {isa = PBXFileReference; fileEncoding = 4; lastKnownFileType = sourcecode.c.objc; path = LKPickerProtocol.m; sourceTree = "<group>"; };
		F858FBD127228F0A00E26065 /* LKPickerProtocol.h */ = {isa = PBXFileReference; fileEncoding = 4; lastKnownFileType = sourcecode.c.h; path = LKPickerProtocol.h; sourceTree = "<group>"; };
		F858FBD227228F0A00E26065 /* LKAlertAction.h */ = {isa = PBXFileReference; fileEncoding = 4; lastKnownFileType = sourcecode.c.h; path = LKAlertAction.h; sourceTree = "<group>"; };
		F858FBD327228F0A00E26065 /* LKPickerHeaderProxy.h */ = {isa = PBXFileReference; fileEncoding = 4; lastKnownFileType = sourcecode.c.h; path = LKPickerHeaderProxy.h; sourceTree = "<group>"; };
		F858FBD527228F0A00E26065 /* WSYAlertCollectionCell.m */ = {isa = PBXFileReference; fileEncoding = 4; lastKnownFileType = sourcecode.c.objc; path = WSYAlertCollectionCell.m; sourceTree = "<group>"; };
		F858FBD627228F0A00E26065 /* LKAlertAction.m */ = {isa = PBXFileReference; fileEncoding = 4; lastKnownFileType = sourcecode.c.objc; path = LKAlertAction.m; sourceTree = "<group>"; };
		F858FBD727228F0A00E26065 /* LKPickerSheetContentView.h */ = {isa = PBXFileReference; fileEncoding = 4; lastKnownFileType = sourcecode.c.h; path = LKPickerSheetContentView.h; sourceTree = "<group>"; };
		F858FBD827228F0A00E26065 /* LKPickerAlertContentView.m */ = {isa = PBXFileReference; fileEncoding = 4; lastKnownFileType = sourcecode.c.objc; path = LKPickerAlertContentView.m; sourceTree = "<group>"; };
		F858FBD927228F0A00E26065 /* LKHeader.h */ = {isa = PBXFileReference; fileEncoding = 4; lastKnownFileType = sourcecode.c.h; path = LKHeader.h; sourceTree = "<group>"; };
		F858FBDA27228F0A00E26065 /* WSYAlertCollectionCell.h */ = {isa = PBXFileReference; fileEncoding = 4; lastKnownFileType = sourcecode.c.h; path = WSYAlertCollectionCell.h; sourceTree = "<group>"; };
		F858FBDB27228F0A00E26065 /* LKPickerSheetContentView.m */ = {isa = PBXFileReference; fileEncoding = 4; lastKnownFileType = sourcecode.c.objc; path = LKPickerSheetContentView.m; sourceTree = "<group>"; };
		F858FBDC27228F0A00E26065 /* LKPickerAlertContentView.h */ = {isa = PBXFileReference; fileEncoding = 4; lastKnownFileType = sourcecode.c.h; path = LKPickerAlertContentView.h; sourceTree = "<group>"; };
		F858FBDE27228F0A00E26065 /* WSYBaseCollectionCell.h */ = {isa = PBXFileReference; fileEncoding = 4; lastKnownFileType = sourcecode.c.h; path = WSYBaseCollectionCell.h; sourceTree = "<group>"; };
		F858FBDF27228F0A00E26065 /* NSArray+SafeIndex.m */ = {isa = PBXFileReference; fileEncoding = 4; lastKnownFileType = sourcecode.c.objc; path = "NSArray+SafeIndex.m"; sourceTree = "<group>"; };
		F858FBE027228F0A00E26065 /* LKBaseTableViewCell.m */ = {isa = PBXFileReference; fileEncoding = 4; lastKnownFileType = sourcecode.c.objc; path = LKBaseTableViewCell.m; sourceTree = "<group>"; };
		F858FBE127228F0A00E26065 /* NSArray+SafeIndex.h */ = {isa = PBXFileReference; fileEncoding = 4; lastKnownFileType = sourcecode.c.h; path = "NSArray+SafeIndex.h"; sourceTree = "<group>"; };
		F858FBE227228F0A00E26065 /* WSYBaseCollectionCell.m */ = {isa = PBXFileReference; fileEncoding = 4; lastKnownFileType = sourcecode.c.objc; path = WSYBaseCollectionCell.m; sourceTree = "<group>"; };
		F858FBE327228F0A00E26065 /* LKBaseTableViewCell.h */ = {isa = PBXFileReference; fileEncoding = 4; lastKnownFileType = sourcecode.c.h; path = LKBaseTableViewCell.h; sourceTree = "<group>"; };
/* End PBXFileReference section */

/* Begin PBXFrameworksBuildPhase section */
		F858FB8A27228ECC00E26065 /* Frameworks */ = {
			isa = PBXFrameworksBuildPhase;
			buildActionMask = 2147483647;
			files = (
				A742648993ABD5F055EF8877 /* Pods_WSYAlertViewKit.framework in Frameworks */,
			);
			runOnlyForDeploymentPostprocessing = 0;
		};
		F858FBA827228ECD00E26065 /* Frameworks */ = {
			isa = PBXFrameworksBuildPhase;
			buildActionMask = 2147483647;
			files = (
			);
			runOnlyForDeploymentPostprocessing = 0;
		};
		F858FBB327228ECD00E26065 /* Frameworks */ = {
			isa = PBXFrameworksBuildPhase;
			buildActionMask = 2147483647;
			files = (
			);
			runOnlyForDeploymentPostprocessing = 0;
		};
/* End PBXFrameworksBuildPhase section */

/* Begin PBXGroup section */
		12C119271190AE2E8BFE8667 /* Pods */ = {
			isa = PBXGroup;
			children = (
				A1BAE5C03FB5D3D76670974B /* Pods-WSYAlertViewKit.debug.xcconfig */,
				45860E36A7B6155FCBD2813A /* Pods-WSYAlertViewKit.release.xcconfig */,
			);
			name = Pods;
			path = Pods;
			sourceTree = "<group>";
		};
		F5D1CFB7769F9A3C2ECE442B /* Frameworks */ = {
			isa = PBXGroup;
			children = (
				AE97B0B9524921C1CE2B1ED1 /* Pods_WSYAlertViewKit.framework */,
			);
			name = Frameworks;
			sourceTree = "<group>";
		};
		F858FB8427228ECC00E26065 = {
			isa = PBXGroup;
			children = (
				F858FB8F27228ECC00E26065 /* WSYAlertViewKit */,
				F858FBAE27228ECD00E26065 /* WSYAlertViewKitTests */,
				F858FBB927228ECD00E26065 /* WSYAlertViewKitUITests */,
				F858FB8E27228ECC00E26065 /* Products */,
				12C119271190AE2E8BFE8667 /* Pods */,
				F5D1CFB7769F9A3C2ECE442B /* Frameworks */,
			);
			sourceTree = "<group>";
		};
		F858FB8E27228ECC00E26065 /* Products */ = {
			isa = PBXGroup;
			children = (
				F858FB8D27228ECC00E26065 /* WSYAlertViewKit.app */,
				F858FBAB27228ECD00E26065 /* WSYAlertViewKitTests.xctest */,
				F858FBB627228ECD00E26065 /* WSYAlertViewKitUITests.xctest */,
			);
			name = Products;
			sourceTree = "<group>";
		};
		F858FB8F27228ECC00E26065 /* WSYAlertViewKit */ = {
			isa = PBXGroup;
			children = (
				F858FBCB27228F0A00E26065 /* WSYAlertKit */,
				F858FB9027228ECC00E26065 /* AppDelegate.h */,
				F858FB9127228ECC00E26065 /* AppDelegate.m */,
				F858FB9327228ECC00E26065 /* SceneDelegate.h */,
				F858FB9427228ECC00E26065 /* SceneDelegate.m */,
				F858FB9627228ECC00E26065 /* ViewController.h */,
				F858FB9727228ECC00E26065 /* ViewController.m */,
				F858FB9927228ECC00E26065 /* Main.storyboard */,
				F858FB9F27228ECD00E26065 /* Assets.xcassets */,
				F858FBA127228ECD00E26065 /* LaunchScreen.storyboard */,
				F858FBA427228ECD00E26065 /* Info.plist */,
				F858FBA527228ECD00E26065 /* main.m */,
				F858FB9C27228ECC00E26065 /* WSYAlertViewKit.xcdatamodeld */,
			);
			path = WSYAlertViewKit;
			sourceTree = "<group>";
		};
		F858FBAE27228ECD00E26065 /* WSYAlertViewKitTests */ = {
			isa = PBXGroup;
			children = (
				F858FBAF27228ECD00E26065 /* WSYAlertViewKitTests.m */,
				F858FBB127228ECD00E26065 /* Info.plist */,
			);
			path = WSYAlertViewKitTests;
			sourceTree = "<group>";
		};
		F858FBB927228ECD00E26065 /* WSYAlertViewKitUITests */ = {
			isa = PBXGroup;
			children = (
				F858FBBA27228ECD00E26065 /* WSYAlertViewKitUITests.m */,
				F858FBBC27228ECD00E26065 /* Info.plist */,
			);
			path = WSYAlertViewKitUITests;
			sourceTree = "<group>";
		};
		F858FBCB27228F0A00E26065 /* WSYAlertKit */ = {
			isa = PBXGroup;
			children = (
				F858FBCC27228F0A00E26065 /* LKPickerViewVC */,
				F858FBCE27228F0A00E26065 /* LKPickerViewController.h */,
				F858FBCF27228F0A00E26065 /* LKPickerDelegate */,
				F858FBD227228F0A00E26065 /* LKAlertAction.h */,
				F858FBD327228F0A00E26065 /* LKPickerHeaderProxy.h */,
				F858FBD427228F0A00E26065 /* LKAlertContentView */,
				F858FBDD27228F0A00E26065 /* Base */,
			);
			path = WSYAlertKit;
			sourceTree = "<group>";
		};
		F858FBCC27228F0A00E26065 /* LKPickerViewVC */ = {
			isa = PBXGroup;
			children = (
				F858FBCD27228F0A00E26065 /* LKPickerViewController.m */,
			);
			path = LKPickerViewVC;
			sourceTree = "<group>";
		};
		F858FBCF27228F0A00E26065 /* LKPickerDelegate */ = {
			isa = PBXGroup;
			children = (
				F858FBD027228F0A00E26065 /* LKPickerProtocol.m */,
				F858FBD127228F0A00E26065 /* LKPickerProtocol.h */,
			);
			path = LKPickerDelegate;
			sourceTree = "<group>";
		};
		F858FBD427228F0A00E26065 /* LKAlertContentView */ = {
			isa = PBXGroup;
			children = (
				F858FBD527228F0A00E26065 /* WSYAlertCollectionCell.m */,
				F858FBD627228F0A00E26065 /* LKAlertAction.m */,
				F858FBD727228F0A00E26065 /* LKPickerSheetContentView.h */,
				F858FBD827228F0A00E26065 /* LKPickerAlertContentView.m */,
				F858FBD927228F0A00E26065 /* LKHeader.h */,
				F858FBDA27228F0A00E26065 /* WSYAlertCollectionCell.h */,
				F858FBDB27228F0A00E26065 /* LKPickerSheetContentView.m */,
				F858FBDC27228F0A00E26065 /* LKPickerAlertContentView.h */,
			);
			path = LKAlertContentView;
			sourceTree = "<group>";
		};
		F858FBDD27228F0A00E26065 /* Base */ = {
			isa = PBXGroup;
			children = (
				F858FBDE27228F0A00E26065 /* WSYBaseCollectionCell.h */,
				F858FBDF27228F0A00E26065 /* NSArray+SafeIndex.m */,
				F858FBE027228F0A00E26065 /* LKBaseTableViewCell.m */,
				F858FBE127228F0A00E26065 /* NSArray+SafeIndex.h */,
				F858FBE227228F0A00E26065 /* WSYBaseCollectionCell.m */,
				F858FBE327228F0A00E26065 /* LKBaseTableViewCell.h */,
			);
			path = Base;
			sourceTree = "<group>";
		};
/* End PBXGroup section */

/* Begin PBXNativeTarget section */
		F858FB8C27228ECC00E26065 /* WSYAlertViewKit */ = {
			isa = PBXNativeTarget;
			buildConfigurationList = F858FBBF27228ECD00E26065 /* Build configuration list for PBXNativeTarget "WSYAlertViewKit" */;
			buildPhases = (
				926AAC26482D76B0D77BA28E /* [CP] Check Pods Manifest.lock */,
				F858FB8927228ECC00E26065 /* Sources */,
				F858FB8A27228ECC00E26065 /* Frameworks */,
				F858FB8B27228ECC00E26065 /* Resources */,
				DCA74B3852082F90D6C8D7C4 /* [CP] Embed Pods Frameworks */,
			);
			buildRules = (
			);
			dependencies = (
			);
			name = WSYAlertViewKit;
			productName = WSYAlertViewKit;
			productReference = F858FB8D27228ECC00E26065 /* WSYAlertViewKit.app */;
			productType = "com.apple.product-type.application";
		};
		F858FBAA27228ECD00E26065 /* WSYAlertViewKitTests */ = {
			isa = PBXNativeTarget;
			buildConfigurationList = F858FBC227228ECD00E26065 /* Build configuration list for PBXNativeTarget "WSYAlertViewKitTests" */;
			buildPhases = (
				F858FBA727228ECD00E26065 /* Sources */,
				F858FBA827228ECD00E26065 /* Frameworks */,
				F858FBA927228ECD00E26065 /* Resources */,
			);
			buildRules = (
			);
			dependencies = (
				F858FBAD27228ECD00E26065 /* PBXTargetDependency */,
			);
			name = WSYAlertViewKitTests;
			productName = WSYAlertViewKitTests;
			productReference = F858FBAB27228ECD00E26065 /* WSYAlertViewKitTests.xctest */;
			productType = "com.apple.product-type.bundle.unit-test";
		};
		F858FBB527228ECD00E26065 /* WSYAlertViewKitUITests */ = {
			isa = PBXNativeTarget;
			buildConfigurationList = F858FBC527228ECD00E26065 /* Build configuration list for PBXNativeTarget "WSYAlertViewKitUITests" */;
			buildPhases = (
				F858FBB227228ECD00E26065 /* Sources */,
				F858FBB327228ECD00E26065 /* Frameworks */,
				F858FBB427228ECD00E26065 /* Resources */,
			);
			buildRules = (
			);
			dependencies = (
				F858FBB827228ECD00E26065 /* PBXTargetDependency */,
			);
			name = WSYAlertViewKitUITests;
			productName = WSYAlertViewKitUITests;
			productReference = F858FBB627228ECD00E26065 /* WSYAlertViewKitUITests.xctest */;
			productType = "com.apple.product-type.bundle.ui-testing";
		};
/* End PBXNativeTarget section */

/* Begin PBXProject section */
		F858FB8527228ECC00E26065 /* Project object */ = {
			isa = PBXProject;
			attributes = {
				LastUpgradeCheck = 1240;
				TargetAttributes = {
					F858FB8C27228ECC00E26065 = {
						CreatedOnToolsVersion = 12.4;
					};
					F858FBAA27228ECD00E26065 = {
						CreatedOnToolsVersion = 12.4;
						TestTargetID = F858FB8C27228ECC00E26065;
					};
					F858FBB527228ECD00E26065 = {
						CreatedOnToolsVersion = 12.4;
						TestTargetID = F858FB8C27228ECC00E26065;
					};
				};
			};
			buildConfigurationList = F858FB8827228ECC00E26065 /* Build configuration list for PBXProject "WSYAlertViewKit" */;
			compatibilityVersion = "Xcode 9.3";
			developmentRegion = en;
			hasScannedForEncodings = 0;
			knownRegions = (
				en,
				Base,
			);
			mainGroup = F858FB8427228ECC00E26065;
			productRefGroup = F858FB8E27228ECC00E26065 /* Products */;
			projectDirPath = "";
			projectRoot = "";
			targets = (
				F858FB8C27228ECC00E26065 /* WSYAlertViewKit */,
				F858FBAA27228ECD00E26065 /* WSYAlertViewKitTests */,
				F858FBB527228ECD00E26065 /* WSYAlertViewKitUITests */,
			);
		};
/* End PBXProject section */

/* Begin PBXResourcesBuildPhase section */
		F858FB8B27228ECC00E26065 /* Resources */ = {
			isa = PBXResourcesBuildPhase;
			buildActionMask = 2147483647;
			files = (
				F858FBA327228ECD00E26065 /* LaunchScreen.storyboard in Resources */,
				F858FBA027228ECD00E26065 /* Assets.xcassets in Resources */,
				F858FB9B27228ECC00E26065 /* Main.storyboard in Resources */,
			);
			runOnlyForDeploymentPostprocessing = 0;
		};
		F858FBA927228ECD00E26065 /* Resources */ = {
			isa = PBXResourcesBuildPhase;
			buildActionMask = 2147483647;
			files = (
			);
			runOnlyForDeploymentPostprocessing = 0;
		};
		F858FBB427228ECD00E26065 /* Resources */ = {
			isa = PBXResourcesBuildPhase;
			buildActionMask = 2147483647;
			files = (
			);
			runOnlyForDeploymentPostprocessing = 0;
		};
/* End PBXResourcesBuildPhase section */

/* Begin PBXShellScriptBuildPhase section */
		926AAC26482D76B0D77BA28E /* [CP] Check Pods Manifest.lock */ = {
			isa = PBXShellScriptBuildPhase;
			buildActionMask = 2147483647;
			files = (
			);
			inputFileListPaths = (
			);
			inputPaths = (
				"${PODS_PODFILE_DIR_PATH}/Podfile.lock",
				"${PODS_ROOT}/Manifest.lock",
			);
			name = "[CP] Check Pods Manifest.lock";
			outputFileListPaths = (
			);
			outputPaths = (
				"$(DERIVED_FILE_DIR)/Pods-WSYAlertViewKit-checkManifestLockResult.txt",
			);
			runOnlyForDeploymentPostprocessing = 0;
			shellPath = /bin/sh;
			shellScript = "diff \"${PODS_PODFILE_DIR_PATH}/Podfile.lock\" \"${PODS_ROOT}/Manifest.lock\" > /dev/null\nif [ $? != 0 ] ; then\n    # print error to STDERR\n    echo \"error: The sandbox is not in sync with the Podfile.lock. Run 'pod install' or update your CocoaPods installation.\" >&2\n    exit 1\nfi\n# This output is used by Xcode 'outputs' to avoid re-running this script phase.\necho \"SUCCESS\" > \"${SCRIPT_OUTPUT_FILE_0}\"\n";
			showEnvVarsInLog = 0;
		};
		DCA74B3852082F90D6C8D7C4 /* [CP] Embed Pods Frameworks */ = {
			isa = PBXShellScriptBuildPhase;
			buildActionMask = 2147483647;
			files = (
			);
			inputFileListPaths = (
				"${PODS_ROOT}/Target Support Files/Pods-WSYAlertViewKit/Pods-WSYAlertViewKit-frameworks-${CONFIGURATION}-input-files.xcfilelist",
			);
			name = "[CP] Embed Pods Frameworks";
			outputFileListPaths = (
				"${PODS_ROOT}/Target Support Files/Pods-WSYAlertViewKit/Pods-WSYAlertViewKit-frameworks-${CONFIGURATION}-output-files.xcfilelist",
			);
			runOnlyForDeploymentPostprocessing = 0;
			shellPath = /bin/sh;
			shellScript = "\"${PODS_ROOT}/Target Support Files/Pods-WSYAlertViewKit/Pods-WSYAlertViewKit-frameworks.sh\"\n";
			showEnvVarsInLog = 0;
		};
/* End PBXShellScriptBuildPhase section */

/* Begin PBXSourcesBuildPhase section */
		F858FB8927228ECC00E26065 /* Sources */ = {
			isa = PBXSourcesBuildPhase;
			buildActionMask = 2147483647;
			files = (
				F858FBA627228ECD00E26065 /* main.m in Sources */,
				F858FBE427228F0A00E26065 /* LKPickerViewController.m in Sources */,
				F858FBE627228F0A00E26065 /* WSYAlertCollectionCell.m in Sources */,
				F858FBE727228F0A00E26065 /* LKAlertAction.m in Sources */,
				F858FBEB27228F0A00E26065 /* LKBaseTableViewCell.m in Sources */,
				F858FBE927228F0A00E26065 /* LKPickerSheetContentView.m in Sources */,
				F858FBE527228F0A00E26065 /* LKPickerProtocol.m in Sources */,
				F858FB9827228ECC00E26065 /* ViewController.m in Sources */,
				F858FBEC27228F0A00E26065 /* WSYBaseCollectionCell.m in Sources */,
				F858FBE827228F0A00E26065 /* LKPickerAlertContentView.m in Sources */,
				F858FBEA27228F0A00E26065 /* NSArray+SafeIndex.m in Sources */,
				F858FB9227228ECC00E26065 /* AppDelegate.m in Sources */,
				F858FB9E27228ECC00E26065 /* WSYAlertViewKit.xcdatamodeld in Sources */,
				F858FB9527228ECC00E26065 /* SceneDelegate.m in Sources */,
			);
			runOnlyForDeploymentPostprocessing = 0;
		};
		F858FBA727228ECD00E26065 /* Sources */ = {
			isa = PBXSourcesBuildPhase;
			buildActionMask = 2147483647;
			files = (
				F858FBB027228ECD00E26065 /* WSYAlertViewKitTests.m in Sources */,
			);
			runOnlyForDeploymentPostprocessing = 0;
		};
		F858FBB227228ECD00E26065 /* Sources */ = {
			isa = PBXSourcesBuildPhase;
			buildActionMask = 2147483647;
			files = (
				F858FBBB27228ECD00E26065 /* WSYAlertViewKitUITests.m in Sources */,
			);
			runOnlyForDeploymentPostprocessing = 0;
		};
/* End PBXSourcesBuildPhase section */

/* Begin PBXTargetDependency section */
		F858FBAD27228ECD00E26065 /* PBXTargetDependency */ = {
			isa = PBXTargetDependency;
			target = F858FB8C27228ECC00E26065 /* WSYAlertViewKit */;
			targetProxy = F858FBAC27228ECD00E26065 /* PBXContainerItemProxy */;
		};
		F858FBB827228ECD00E26065 /* PBXTargetDependency */ = {
			isa = PBXTargetDependency;
			target = F858FB8C27228ECC00E26065 /* WSYAlertViewKit */;
			targetProxy = F858FBB727228ECD00E26065 /* PBXContainerItemProxy */;
		};
/* End PBXTargetDependency section */

/* Begin PBXVariantGroup section */
		F858FB9927228ECC00E26065 /* Main.storyboard */ = {
			isa = PBXVariantGroup;
			children = (
				F858FB9A27228ECC00E26065 /* Base */,
			);
			name = Main.storyboard;
			sourceTree = "<group>";
		};
		F858FBA127228ECD00E26065 /* LaunchScreen.storyboard */ = {
			isa = PBXVariantGroup;
			children = (
				F858FBA227228ECD00E26065 /* Base */,
			);
			name = LaunchScreen.storyboard;
			sourceTree = "<group>";
		};
/* End PBXVariantGroup section */

/* Begin XCBuildConfiguration section */
		F858FBBD27228ECD00E26065 /* Debug */ = {
			isa = XCBuildConfiguration;
			buildSettings = {
				ALWAYS_SEARCH_USER_PATHS = NO;
				CLANG_ANALYZER_NONNULL = YES;
				CLANG_ANALYZER_NUMBER_OBJECT_CONVERSION = YES_AGGRESSIVE;
				CLANG_CXX_LANGUAGE_STANDARD = "gnu++14";
				CLANG_CXX_LIBRARY = "libc++";
				CLANG_ENABLE_MODULES = YES;
				CLANG_ENABLE_OBJC_ARC = YES;
				CLANG_ENABLE_OBJC_WEAK = YES;
				CLANG_WARN_BLOCK_CAPTURE_AUTORELEASING = YES;
				CLANG_WARN_BOOL_CONVERSION = YES;
				CLANG_WARN_COMMA = YES;
				CLANG_WARN_CONSTANT_CONVERSION = YES;
				CLANG_WARN_DEPRECATED_OBJC_IMPLEMENTATIONS = YES;
				CLANG_WARN_DIRECT_OBJC_ISA_USAGE = YES_ERROR;
				CLANG_WARN_DOCUMENTATION_COMMENTS = YES;
				CLANG_WARN_EMPTY_BODY = YES;
				CLANG_WARN_ENUM_CONVERSION = YES;
				CLANG_WARN_INFINITE_RECURSION = YES;
				CLANG_WARN_INT_CONVERSION = YES;
				CLANG_WARN_NON_LITERAL_NULL_CONVERSION = YES;
				CLANG_WARN_OBJC_IMPLICIT_RETAIN_SELF = YES;
				CLANG_WARN_OBJC_LITERAL_CONVERSION = YES;
				CLANG_WARN_OBJC_ROOT_CLASS = YES_ERROR;
				CLANG_WARN_QUOTED_INCLUDE_IN_FRAMEWORK_HEADER = YES;
				CLANG_WARN_RANGE_LOOP_ANALYSIS = YES;
				CLANG_WARN_STRICT_PROTOTYPES = YES;
				CLANG_WARN_SUSPICIOUS_MOVE = YES;
				CLANG_WARN_UNGUARDED_AVAILABILITY = YES_AGGRESSIVE;
				CLANG_WARN_UNREACHABLE_CODE = YES;
				CLANG_WARN__DUPLICATE_METHOD_MATCH = YES;
				COPY_PHASE_STRIP = NO;
				DEBUG_INFORMATION_FORMAT = dwarf;
				ENABLE_STRICT_OBJC_MSGSEND = YES;
				ENABLE_TESTABILITY = YES;
				GCC_C_LANGUAGE_STANDARD = gnu11;
				GCC_DYNAMIC_NO_PIC = NO;
				GCC_NO_COMMON_BLOCKS = YES;
				GCC_OPTIMIZATION_LEVEL = 0;
				GCC_PREPROCESSOR_DEFINITIONS = (
					"DEBUG=1",
					"$(inherited)",
				);
				GCC_WARN_64_TO_32_BIT_CONVERSION = YES;
				GCC_WARN_ABOUT_RETURN_TYPE = YES_ERROR;
				GCC_WARN_UNDECLARED_SELECTOR = YES;
				GCC_WARN_UNINITIALIZED_AUTOS = YES_AGGRESSIVE;
				GCC_WARN_UNUSED_FUNCTION = YES;
				GCC_WARN_UNUSED_VARIABLE = YES;
				IPHONEOS_DEPLOYMENT_TARGET = 14.4;
				MTL_ENABLE_DEBUG_INFO = INCLUDE_SOURCE;
				MTL_FAST_MATH = YES;
				ONLY_ACTIVE_ARCH = YES;
				SDKROOT = iphoneos;
			};
			name = Debug;
		};
		F858FBBE27228ECD00E26065 /* Release */ = {
			isa = XCBuildConfiguration;
			buildSettings = {
				ALWAYS_SEARCH_USER_PATHS = NO;
				CLANG_ANALYZER_NONNULL = YES;
				CLANG_ANALYZER_NUMBER_OBJECT_CONVERSION = YES_AGGRESSIVE;
				CLANG_CXX_LANGUAGE_STANDARD = "gnu++14";
				CLANG_CXX_LIBRARY = "libc++";
				CLANG_ENABLE_MODULES = YES;
				CLANG_ENABLE_OBJC_ARC = YES;
				CLANG_ENABLE_OBJC_WEAK = YES;
				CLANG_WARN_BLOCK_CAPTURE_AUTORELEASING = YES;
				CLANG_WARN_BOOL_CONVERSION = YES;
				CLANG_WARN_COMMA = YES;
				CLANG_WARN_CONSTANT_CONVERSION = YES;
				CLANG_WARN_DEPRECATED_OBJC_IMPLEMENTATIONS = YES;
				CLANG_WARN_DIRECT_OBJC_ISA_USAGE = YES_ERROR;
				CLANG_WARN_DOCUMENTATION_COMMENTS = YES;
				CLANG_WARN_EMPTY_BODY = YES;
				CLANG_WARN_ENUM_CONVERSION = YES;
				CLANG_WARN_INFINITE_RECURSION = YES;
				CLANG_WARN_INT_CONVERSION = YES;
				CLANG_WARN_NON_LITERAL_NULL_CONVERSION = YES;
				CLANG_WARN_OBJC_IMPLICIT_RETAIN_SELF = YES;
				CLANG_WARN_OBJC_LITERAL_CONVERSION = YES;
				CLANG_WARN_OBJC_ROOT_CLASS = YES_ERROR;
				CLANG_WARN_QUOTED_INCLUDE_IN_FRAMEWORK_HEADER = YES;
				CLANG_WARN_RANGE_LOOP_ANALYSIS = YES;
				CLANG_WARN_STRICT_PROTOTYPES = YES;
				CLANG_WARN_SUSPICIOUS_MOVE = YES;
				CLANG_WARN_UNGUARDED_AVAILABILITY = YES_AGGRESSIVE;
				CLANG_WARN_UNREACHABLE_CODE = YES;
				CLANG_WARN__DUPLICATE_METHOD_MATCH = YES;
				COPY_PHASE_STRIP = NO;
				DEBUG_INFORMATION_FORMAT = "dwarf-with-dsym";
				ENABLE_NS_ASSERTIONS = NO;
				ENABLE_STRICT_OBJC_MSGSEND = YES;
				GCC_C_LANGUAGE_STANDARD = gnu11;
				GCC_NO_COMMON_BLOCKS = YES;
				GCC_WARN_64_TO_32_BIT_CONVERSION = YES;
				GCC_WARN_ABOUT_RETURN_TYPE = YES_ERROR;
				GCC_WARN_UNDECLARED_SELECTOR = YES;
				GCC_WARN_UNINITIALIZED_AUTOS = YES_AGGRESSIVE;
				GCC_WARN_UNUSED_FUNCTION = YES;
				GCC_WARN_UNUSED_VARIABLE = YES;
				IPHONEOS_DEPLOYMENT_TARGET = 14.4;
				MTL_ENABLE_DEBUG_INFO = NO;
				MTL_FAST_MATH = YES;
				SDKROOT = iphoneos;
				VALIDATE_PRODUCT = YES;
			};
			name = Release;
		};
		F858FBC027228ECD00E26065 /* Debug */ = {
			isa = XCBuildConfiguration;
			baseConfigurationReference = A1BAE5C03FB5D3D76670974B /* Pods-WSYAlertViewKit.debug.xcconfig */;
			buildSettings = {
				ASSETCATALOG_COMPILER_APPICON_NAME = AppIcon;
				ASSETCATALOG_COMPILER_GLOBAL_ACCENT_COLOR_NAME = AccentColor;
				CODE_SIGN_STYLE = Automatic;
				DEVELOPMENT_TEAM = X54G39KZT9;
				INFOPLIST_FILE = WSYAlertViewKit/Info.plist;
				LD_RUNPATH_SEARCH_PATHS = (
					"$(inherited)",
					"@executable_path/Frameworks",
				);
				PRODUCT_BUNDLE_IDENTIFIER = wsy.WSYAlertViewKit;
				PRODUCT_NAME = "$(TARGET_NAME)";
				TARGETED_DEVICE_FAMILY = "1,2";
			};
			name = Debug;
		};
		F858FBC127228ECD00E26065 /* Release */ = {
			isa = XCBuildConfiguration;
			baseConfigurationReference = 45860E36A7B6155FCBD2813A /* Pods-WSYAlertViewKit.release.xcconfig */;
			buildSettings = {
				ASSETCATALOG_COMPILER_APPICON_NAME = AppIcon;
				ASSETCATALOG_COMPILER_GLOBAL_ACCENT_COLOR_NAME = AccentColor;
				CODE_SIGN_STYLE = Automatic;
				DEVELOPMENT_TEAM = X54G39KZT9;
				INFOPLIST_FILE = WSYAlertViewKit/Info.plist;
				LD_RUNPATH_SEARCH_PATHS = (
					"$(inherited)",
					"@executable_path/Frameworks",
				);
				PRODUCT_BUNDLE_IDENTIFIER = wsy.WSYAlertViewKit;
				PRODUCT_NAME = "$(TARGET_NAME)";
				TARGETED_DEVICE_FAMILY = "1,2";
			};
			name = Release;
		};
		F858FBC327228ECD00E26065 /* Debug */ = {
			isa = XCBuildConfiguration;
			buildSettings = {
				BUNDLE_LOADER = "$(TEST_HOST)";
				CODE_SIGN_STYLE = Automatic;
				DEVELOPMENT_TEAM = X54G39KZT9;
				INFOPLIST_FILE = WSYAlertViewKitTests/Info.plist;
				IPHONEOS_DEPLOYMENT_TARGET = 14.4;
				LD_RUNPATH_SEARCH_PATHS = (
					"$(inherited)",
					"@executable_path/Frameworks",
					"@loader_path/Frameworks",
				);
				PRODUCT_BUNDLE_IDENTIFIER = wsy.WSYAlertViewKitTests;
				PRODUCT_NAME = "$(TARGET_NAME)";
				TARGETED_DEVICE_FAMILY = "1,2";
				TEST_HOST = "$(BUILT_PRODUCTS_DIR)/WSYAlertViewKit.app/WSYAlertViewKit";
			};
			name = Debug;
		};
		F858FBC427228ECD00E26065 /* Release */ = {
			isa = XCBuildConfiguration;
			buildSettings = {
				BUNDLE_LOADER = "$(TEST_HOST)";
				CODE_SIGN_STYLE = Automatic;
				DEVELOPMENT_TEAM = X54G39KZT9;
				INFOPLIST_FILE = WSYAlertViewKitTests/Info.plist;
				IPHONEOS_DEPLOYMENT_TARGET = 14.4;
				LD_RUNPATH_SEARCH_PATHS = (
					"$(inherited)",
					"@executable_path/Frameworks",
					"@loader_path/Frameworks",
				);
				PRODUCT_BUNDLE_IDENTIFIER = wsy.WSYAlertViewKitTests;
				PRODUCT_NAME = "$(TARGET_NAME)";
				TARGETED_DEVICE_FAMILY = "1,2";
				TEST_HOST = "$(BUILT_PRODUCTS_DIR)/WSYAlertViewKit.app/WSYAlertViewKit";
			};
			name = Release;
		};
		F858FBC627228ECD00E26065 /* Debug */ = {
			isa = XCBuildConfiguration;
			buildSettings = {
				CODE_SIGN_STYLE = Automatic;
				DEVELOPMENT_TEAM = X54G39KZT9;
				INFOPLIST_FILE = WSYAlertViewKitUITests/Info.plist;
				LD_RUNPATH_SEARCH_PATHS = (
					"$(inherited)",
					"@executable_path/Frameworks",
					"@loader_path/Frameworks",
				);
				PRODUCT_BUNDLE_IDENTIFIER = wsy.WSYAlertViewKitUITests;
				PRODUCT_NAME = "$(TARGET_NAME)";
				TARGETED_DEVICE_FAMILY = "1,2";
				TEST_TARGET_NAME = WSYAlertViewKit;
			};
			name = Debug;
		};
		F858FBC727228ECD00E26065 /* Release */ = {
			isa = XCBuildConfiguration;
			buildSettings = {
				CODE_SIGN_STYLE = Automatic;
				DEVELOPMENT_TEAM = X54G39KZT9;
				INFOPLIST_FILE = WSYAlertViewKitUITests/Info.plist;
				LD_RUNPATH_SEARCH_PATHS = (
					"$(inherited)",
					"@executable_path/Frameworks",
					"@loader_path/Frameworks",
				);
				PRODUCT_BUNDLE_IDENTIFIER = wsy.WSYAlertViewKitUITests;
				PRODUCT_NAME = "$(TARGET_NAME)";
				TARGETED_DEVICE_FAMILY = "1,2";
				TEST_TARGET_NAME = WSYAlertViewKit;
			};
			name = Release;
		};
/* End XCBuildConfiguration section */

/* Begin XCConfigurationList section */
		F858FB8827228ECC00E26065 /* Build configuration list for PBXProject "WSYAlertViewKit" */ = {
			isa = XCConfigurationList;
			buildConfigurations = (
				F858FBBD27228ECD00E26065 /* Debug */,
				F858FBBE27228ECD00E26065 /* Release */,
			);
			defaultConfigurationIsVisible = 0;
			defaultConfigurationName = Release;
		};
		F858FBBF27228ECD00E26065 /* Build configuration list for PBXNativeTarget "WSYAlertViewKit" */ = {
			isa = XCConfigurationList;
			buildConfigurations = (
				F858FBC027228ECD00E26065 /* Debug */,
				F858FBC127228ECD00E26065 /* Release */,
			);
			defaultConfigurationIsVisible = 0;
			defaultConfigurationName = Release;
		};
		F858FBC227228ECD00E26065 /* Build configuration list for PBXNativeTarget "WSYAlertViewKitTests" */ = {
			isa = XCConfigurationList;
			buildConfigurations = (
				F858FBC327228ECD00E26065 /* Debug */,
				F858FBC427228ECD00E26065 /* Release */,
			);
			defaultConfigurationIsVisible = 0;
			defaultConfigurationName = Release;
		};
		F858FBC527228ECD00E26065 /* Build configuration list for PBXNativeTarget "WSYAlertViewKitUITests" */ = {
			isa = XCConfigurationList;
			buildConfigurations = (
				F858FBC627228ECD00E26065 /* Debug */,
				F858FBC727228ECD00E26065 /* Release */,
			);
			defaultConfigurationIsVisible = 0;
			defaultConfigurationName = Release;
		};
/* End XCConfigurationList section */

/* Begin XCVersionGroup section */
		F858FB9C27228ECC00E26065 /* WSYAlertViewKit.xcdatamodeld */ = {
			isa = XCVersionGroup;
			children = (
				F858FB9D27228ECC00E26065 /* WSYAlertViewKit.xcdatamodel */,
			);
			currentVersion = F858FB9D27228ECC00E26065 /* WSYAlertViewKit.xcdatamodel */;
			path = WSYAlertViewKit.xcdatamodeld;
			sourceTree = "<group>";
			versionGroupType = wrapper.xcdatamodel;
		};
/* End XCVersionGroup section */
	};
	rootObject = F858FB8527228ECC00E26065 /* Project object */;
}
